
Microsoft Visual Studio Solution File, Format Version 12.00
# Visual Studio Version 16
VisualStudioVersion = 16.0.29102.190
MinimumVisualStudioVersion = 10.0.40219.1
Project("{FAE04EC0-301F-11D3-BF4B-00C04F79EFBC}") = "ODOO", "ODOO\ODOO.csproj", "{9E9C2E9C-5A73-48B2-BEC6-0EF7AD376E29}"
EndProject
Global
	GlobalSection(SolutionConfigurationPlatforms) = preSolution
		Debug|Any CPU = Debug|Any CPU
		Release|Any CPU = Release|Any CPU
	EndGlobalSection
	GlobalSection(ProjectConfigurationPlatforms) = postSolution
		{9E9C2E9C-5A73-48B2-BEC6-0EF7AD376E29}.Debug|Any CPU.ActiveCfg = Debug|Any CPU
		{9E9C2E9C-5A73-48B2-BEC6-0EF7AD376E29}.Debug|Any CPU.Build.0 = Debug|Any CPU
		{9E9C2E9C-5A73-48B2-BEC6-0EF7AD376E29}.Release|Any CPU.ActiveCfg = Release|Any CPU
		{9E9C2E9C-5A73-48B2-BEC6-0EF7AD376E29}.Release|Any CPU.Build.0 = Release|Any CPU
	EndGlobalSection
	GlobalSection(SolutionProperties) = preSolution
		HideSolutionNode = FALSE
	EndGlobalSection
	GlobalSection(ExtensibilityGlobals) = postSolution
		SolutionGuid = {3C7A6F3E-6BAB-4507-A5F8-14B656178D57}
	EndGlobalSection
EndGlobal
